
Microsoft Visual Studio Solution File, Format Version 12.00
# Visual Studio Version 17
VisualStudioVersion = 17.1.32407.343
MinimumVisualStudioVersion = 10.0.40219.1
Project("{FAE04EC0-301F-11D3-BF4B-00C04F79EFBC}") = "Restuarant_Management.API", "Restuarant_Management.API\Restuarant_Management.API.csproj", "{0566B09A-4FB7-4177-BC88-3A550F0B7FB8}"
EndProject
Project("{FAE04EC0-301F-11D3-BF4B-00C04F79EFBC}") = "Restauarant_Management.Models", "Restauarant_Management.Models\Restauarant_Management.Models.csproj", "{AC704B33-FD09-4C40-9826-98CBDCA39013}"
EndProject
Project("{FAE04EC0-301F-11D3-BF4B-00C04F79EFBC}") = "Restaurant_Management.DataAccess", "Restaurant_Management.DataAccess\Restaurant_Management.DataAccess.csproj", "{470B9160-E043-4F8D-A7F0-9C52D229AF72}"
EndProject
Project("{FAE04EC0-301F-11D3-BF4B-00C04F79EFBC}") = "Restuarant_Management.Services", "Restuarant_Management.Services\Restuarant_Management.Services.csproj", "{A545F28F-3F3D-4F8B-AC35-42C59780CEC3}"
EndProject
Global
	GlobalSection(SolutionConfigurationPlatforms) = preSolution
		Debug|Any CPU = Debug|Any CPU
		Release|Any CPU = Release|Any CPU
	EndGlobalSection
	GlobalSection(ProjectConfigurationPlatforms) = postSolution
		{0566B09A-4FB7-4177-BC88-3A550F0B7FB8}.Debug|Any CPU.ActiveCfg = Debug|Any CPU
		{0566B09A-4FB7-4177-BC88-3A550F0B7FB8}.Debug|Any CPU.Build.0 = Debug|Any CPU
		{0566B09A-4FB7-4177-BC88-3A550F0B7FB8}.Release|Any CPU.ActiveCfg = Release|Any CPU
		{0566B09A-4FB7-4177-BC88-3A550F0B7FB8}.Release|Any CPU.Build.0 = Release|Any CPU
		{AC704B33-FD09-4C40-9826-98CBDCA39013}.Debug|Any CPU.ActiveCfg = Debug|Any CPU
		{AC704B33-FD09-4C40-9826-98CBDCA39013}.Debug|Any CPU.Build.0 = Debug|Any CPU
		{AC704B33-FD09-4C40-9826-98CBDCA39013}.Release|Any CPU.ActiveCfg = Release|Any CPU
		{AC704B33-FD09-4C40-9826-98CBDCA39013}.Release|Any CPU.Build.0 = Release|Any CPU
		{470B9160-E043-4F8D-A7F0-9C52D229AF72}.Debug|Any CPU.ActiveCfg = Debug|Any CPU
		{470B9160-E043-4F8D-A7F0-9C52D229AF72}.Debug|Any CPU.Build.0 = Debug|Any CPU
		{470B9160-E043-4F8D-A7F0-9C52D229AF72}.Release|Any CPU.ActiveCfg = Release|Any CPU
		{470B9160-E043-4F8D-A7F0-9C52D229AF72}.Release|Any CPU.Build.0 = Release|Any CPU
		{A545F28F-3F3D-4F8B-AC35-42C59780CEC3}.Debug|Any CPU.ActiveCfg = Debug|Any CPU
		{A545F28F-3F3D-4F8B-AC35-42C59780CEC3}.Debug|Any CPU.Build.0 = Debug|Any CPU
		{A545F28F-3F3D-4F8B-AC35-42C59780CEC3}.Release|Any CPU.ActiveCfg = Release|Any CPU
		{A545F28F-3F3D-4F8B-AC35-42C59780CEC3}.Release|Any CPU.Build.0 = Release|Any CPU
	EndGlobalSection
	GlobalSection(SolutionProperties) = preSolution
		HideSolutionNode = FALSE
	EndGlobalSection
	GlobalSection(ExtensibilityGlobals) = postSolution
		SolutionGuid = {4BADD115-114C-453D-BC04-94E9D6DC8D2D}
	EndGlobalSection
EndGlobal
